{
  "name": "insites-components-v2",
  "version": "2.0.0",
  "lockfileVersion": 1,
  "requires": true,
  "dependencies": {
    "@babel/runtime": {
      "version": "7.10.4",
      "resolved": "https://registry.npmjs.org/@babel/runtime/-/runtime-7.10.4.tgz",
      "integrity": "sha512-UpTN5yUJr9b4EX2CnGNWIvER7Ab83ibv0pcvvHc4UOdrBI5jb8bj+32cCwPX6xu0mt2daFNjYhoi+X7beH0RSw==",
      "requires": {
        "regenerator-runtime": "^0.13.4"
      }
    },
    "@stencil/core": {
      "version": "1.14.0",
      "resolved": "https://registry.npmjs.org/@stencil/core/-/core-1.14.0.tgz",
      "integrity": "sha512-3u3O8y8HIORiKuDmPowJiUu9nNmpxq4ak1kR3aVuWH6YTQ7+Uexy0dAxabn3CUoQmh6cpYsk9l5P5yIX2EQHoQ==",
      "dev": true,
      "requires": {
        "typescript": "3.9.3"
      }
    },
    "anymatch": {
      "version": "3.1.1",
      "resolved": "https://registry.npmjs.org/anymatch/-/anymatch-3.1.1.tgz",
      "integrity": "sha512-mM8522psRCqzV+6LhomX5wgp25YVibjh8Wj23I5RPkPppSVSjyKD2A2mBJmWGa+KN7f2D6LNh9jkBCeyLktzjg==",
      "dev": true,
      "requires": {
        "normalize-path": "^3.0.0",
        "picomatch": "^2.0.4"
      }
    },
    "binary-extensions": {
      "version": "2.0.0",
      "resolved": "https://registry.npmjs.org/binary-extensions/-/binary-extensions-2.0.0.tgz",
      "integrity": "sha512-Phlt0plgpIIBOGTT/ehfFnbNlfsDEiqmzE2KRXoX1bLIlir4X/MR+zSyBEkL05ffWgnRSf/DXv+WrUAVr93/ow==",
      "dev": true
    },
    "braces": {
      "version": "3.0.2",
      "resolved": "https://registry.npmjs.org/braces/-/braces-3.0.2.tgz",
      "integrity": "sha512-b8um+L1RzM3WDSzvhm6gIz1yfTbBt6YTlcEKAvsmqCZZFw46z626lVj9j1yEPW33H5H+lBQpZMP1k8l+78Ha0A==",
      "dev": true,
      "requires": {
        "fill-range": "^7.0.1"
      }
    },
    "chokidar": {
      "version": "3.2.2",
      "resolved": "https://registry.npmjs.org/chokidar/-/chokidar-3.2.2.tgz",
      "integrity": "sha512-bw3pm7kZ2Wa6+jQWYP/c7bAZy3i4GwiIiMO2EeRjrE48l8vBqC/WvFhSF0xyM8fQiPEGvwMY/5bqDG7sSEOuhg==",
      "dev": true,
      "requires": {
        "anymatch": "~3.1.1",
        "braces": "~3.0.2",
        "fsevents": "~2.1.1",
        "glob-parent": "~5.1.0",
        "is-binary-path": "~2.1.0",
        "is-glob": "~4.0.1",
        "normalize-path": "~3.0.0",
        "readdirp": "~3.2.0"
      }
    },
    "codemirror": {
      "version": "5.50.2",
      "resolved": "https://registry.npmjs.org/codemirror/-/codemirror-5.50.2.tgz",
      "integrity": "sha512-PPjUsC1oXSM86lunKrw609P1oM0Wu8z9rqzjbeyBYCcx44VL41aUpccdOf1PfAZtTONlmN3sT3p2etLNYa1OGg=="
    },
    "codemirror-spell-checker": {
      "version": "1.1.2",
      "resolved": "https://registry.npmjs.org/codemirror-spell-checker/-/codemirror-spell-checker-1.1.2.tgz",
      "integrity": "sha1-HGYPkIlIPMtRE7m6nKGcP0mTNx4=",
      "requires": {
        "typo-js": "*"
      }
    },
    "cropperjs": {
      "version": "1.5.6",
      "resolved": "https://registry.npmjs.org/cropperjs/-/cropperjs-1.5.6.tgz",
      "integrity": "sha512-eAgWf4j7sNJIG329qUHIFi17PSV0VtuWyAu9glZSgu/KlQSrfTQOC2zAz+jHGa5fAB+bJldEnQwvJEaJ8zRf5A=="
    },
    "dropzone": {
      "version": "5.5.1",
      "resolved": "https://registry.npmjs.org/dropzone/-/dropzone-5.5.1.tgz",
      "integrity": "sha512-3VduRWLxx9hbVr42QieQN25mx/I61/mRdUSuxAmDGdDqZIN8qtP7tcKMa3KfpJjuGjOJGYYUzzeq6eGDnkzesA=="
    },
    "fill-range": {
      "version": "7.0.1",
      "resolved": "https://registry.npmjs.org/fill-range/-/fill-range-7.0.1.tgz",
      "integrity": "sha512-qOo9F+dMUmC2Lcb4BbVvnKJxTPjCm+RRpe4gDuGrzkL7mEVl/djYSu2OdQ2Pa302N4oqkSg9ir6jaLWJ2USVpQ==",
      "dev": true,
      "requires": {
        "to-regex-range": "^5.0.1"
      }
    },
    "flatpickr": {
      "version": "4.6.3",
      "resolved": "https://registry.npmjs.org/flatpickr/-/flatpickr-4.6.3.tgz",
      "integrity": "sha512-007VucCkqNOMMb9ggRLNuJowwaJcyOh4sKAFcdGfahfGc7JQbf94zSzjdBq/wVyHWUEs5o3+idhFZ0wbZMRmVQ=="
    },
    "fsevents": {
      "version": "2.1.1",
      "resolved": "https://registry.npmjs.org/fsevents/-/fsevents-2.1.1.tgz",
      "integrity": "sha512-4FRPXWETxtigtJW/gxzEDsX1LVbPAM93VleB83kZB+ellqbHMkyt2aJfuzNLRvFPnGi6bcE5SvfxgbXPeKteJw==",
      "dev": true,
      "optional": true
    },
    "glob-parent": {
      "version": "5.1.0",
      "resolved": "https://registry.npmjs.org/glob-parent/-/glob-parent-5.1.0.tgz",
      "integrity": "sha512-qjtRgnIVmOfnKUE3NJAQEdk+lKrxfw8t5ke7SXtfMTHcjsBfOfWXCQfdb30zfDoZQ2IRSIiidmjtbHZPZ++Ihw==",
      "dev": true,
      "requires": {
        "is-glob": "^4.0.1"
      }
    },
    "highcharts": {
      "version": "8.1.2",
      "resolved": "https://registry.npmjs.org/highcharts/-/highcharts-8.1.2.tgz",
      "integrity": "sha512-Q124Lj+2+bVY2MKMd7d8uSVAmhZVzWgknUUzUBEC27S94dCyK6PBgahuwiMP/ET4w7qSFBBi4OC77ZUb0Vnuyg=="
    },
    "history": {
      "version": "5.0.0",
      "resolved": "https://registry.npmjs.org/history/-/history-5.0.0.tgz",
      "integrity": "sha512-3NyRMKIiFSJmIPdq7FxkNMJkQ7ZEtVblOQ38VtKaA0zZMW1Eo6Q6W8oDKEflr1kNNTItSnk4JMCO1deeSgbLLg==",
      "requires": {
        "@babel/runtime": "^7.7.6"
      }
    },
    "intl-tel-input": {
      "version": "16.0.7",
      "resolved": "https://registry.npmjs.org/intl-tel-input/-/intl-tel-input-16.0.7.tgz",
      "integrity": "sha512-Ufus9DzgxUGt5NNSO5CNATusIvUkvMvjE6s4z9g+oeOQolw8zOul5ktMc8xjqPfZsNaWC2YmfcSFjHFjFTcyhg=="
    },
    "is-binary-path": {
      "version": "2.1.0",
      "resolved": "https://registry.npmjs.org/is-binary-path/-/is-binary-path-2.1.0.tgz",
      "integrity": "sha512-ZMERYes6pDydyuGidse7OsHxtbI7WVeUEozgR/g7rd0xUimYNlvZRE/K2MgZTjWy725IfelLeVcEM97mmtRGXw==",
      "dev": true,
      "requires": {
        "binary-extensions": "^2.0.0"
      }
    },
    "is-extglob": {
      "version": "2.1.1",
      "resolved": "https://registry.npmjs.org/is-extglob/-/is-extglob-2.1.1.tgz",
      "integrity": "sha1-qIwCU1eR8C7TfHahueqXc8gz+MI=",
      "dev": true
    },
    "is-glob": {
      "version": "4.0.1",
      "resolved": "https://registry.npmjs.org/is-glob/-/is-glob-4.0.1.tgz",
      "integrity": "sha512-5G0tKtBTFImOqDnLB2hG6Bp2qcKEFduo4tZu9MT/H6NQv/ghhy30o55ufafxJ/LdH79LLs2Kfrn85TLKyA7BUg==",
      "dev": true,
      "requires": {
        "is-extglob": "^2.1.1"
      }
    },
    "is-number": {
      "version": "7.0.0",
      "resolved": "https://registry.npmjs.org/is-number/-/is-number-7.0.0.tgz",
      "integrity": "sha512-41Cifkg6e8TylSpdtTpeLVMqvSBEVzTttHvERD741+pnZ8ANv0004MRL43QKPDlK9cGvNp6NZWZUBlbGXYxxng==",
      "dev": true
    },
    "lodash": {
      "version": "4.17.15",
      "resolved": "https://registry.npmjs.org/lodash/-/lodash-4.17.15.tgz",
      "integrity": "sha512-8xOcRHvCjnocdS5cpwXQXVzmmh5e5+saE2QGoeQmbKmRS6J3VQppPOIt0MnmE+4xlZoumy0GPG0D0MVIQbNA1A=="
    },
    "marked": {
      "version": "0.7.0",
      "resolved": "https://registry.npmjs.org/marked/-/marked-0.7.0.tgz",
      "integrity": "sha512-c+yYdCZJQrsRjTPhUx7VKkApw9bwDkNbHUKo1ovgcfDjb2kc8rLuRbIFyXL5WOEUwzSSKo3IXpph2K6DqB/KZg=="
    },
    "normalize-path": {
      "version": "3.0.0",
      "resolved": "https://registry.npmjs.org/normalize-path/-/normalize-path-3.0.0.tgz",
      "integrity": "sha512-6eZs5Ls3WtCisHWp9S2GUy8dqkpGi4BVSz3GaqiE6ezub0512ESztXUwUB6C6IKbQkY2Pnb/mD4WYojCRwcwLA==",
      "dev": true
    },
    "picomatch": {
      "version": "2.0.7",
      "resolved": "https://registry.npmjs.org/picomatch/-/picomatch-2.0.7.tgz",
      "integrity": "sha512-oLHIdio3tZ0qH76NybpeneBhYVj0QFTfXEFTc/B3zKQspYfYYkWYgFsmzo+4kvId/bQRcNkVeguI3y+CD22BtA==",
      "dev": true
    },
    "popper.js": {
      "version": "1.16.1",
      "resolved": "https://registry.npmjs.org/popper.js/-/popper.js-1.16.1.tgz",
      "integrity": "sha512-Wb4p1J4zyFTbM+u6WuO4XstYx4Ky9Cewe4DWrel7B0w6VVICvPwdOpotjzcf6eD8TsckVnIMNONQyPIUFOUbCQ=="
    },
    "rangeslider-pure": {
      "version": "0.4.11",
      "resolved": "https://registry.npmjs.org/rangeslider-pure/-/rangeslider-pure-0.4.11.tgz",
      "integrity": "sha512-/dI1OFYj4chJuIUiUc3XlefSTDff8mAQyE0Yjke4Ozta+GsOtZaSV2U5AkUTFmE0ngMKYb23h5G1iAUJ5o8C8w=="
    },
    "readdirp": {
      "version": "3.2.0",
      "resolved": "https://registry.npmjs.org/readdirp/-/readdirp-3.2.0.tgz",
      "integrity": "sha512-crk4Qu3pmXwgxdSgGhgA/eXiJAPQiX4GMOZZMXnqKxHX7TaoL+3gQVo/WeuAiogr07DpnfjIMpXXa+PAIvwPGQ==",
      "dev": true,
      "requires": {
        "picomatch": "^2.0.4"
      }
    },
    "regenerator-runtime": {
      "version": "0.13.5",
      "resolved": "https://registry.npmjs.org/regenerator-runtime/-/regenerator-runtime-0.13.5.tgz",
      "integrity": "sha512-ZS5w8CpKFinUzOwW3c83oPeVXoNsrLsaCoLtJvAClH135j/R77RuymhiSErhm2lKcwSCIpmvIWSbDkIfAqKQlA=="
    },
    "siema": {
      "version": "1.5.1",
      "resolved": "https://registry.npmjs.org/siema/-/siema-1.5.1.tgz",
      "integrity": "sha1-7/MSt36DQPpNgdXQU+u+uRE/+Ig="
    },
    "simplemde": {
      "version": "1.11.2",
      "resolved": "https://registry.npmjs.org/simplemde/-/simplemde-1.11.2.tgz",
      "integrity": "sha1-ojo12XjSxA7wfewAjJLwcNjggOM=",
      "requires": {
        "codemirror": "*",
        "codemirror-spell-checker": "*",
        "marked": "*"
      }
    },
    "sortablejs": {
      "version": "1.10.2",
      "resolved": "https://registry.npmjs.org/sortablejs/-/sortablejs-1.10.2.tgz",
      "integrity": "sha512-YkPGufevysvfwn5rfdlGyrGjt7/CRHwvRPogD/lC+TnvcN29jDpCifKP+rBqf+LRldfXSTh+0CGLcSg0VIxq3A=="
    },
    "to-regex-range": {
      "version": "5.0.1",
      "resolved": "https://registry.npmjs.org/to-regex-range/-/to-regex-range-5.0.1.tgz",
      "integrity": "sha512-65P7iz6X5yEr1cwcgvQxbbIw7Uk3gOy5dIdtZ4rDveLqhrdJP+Li/Hx6tyK0NEb+2GCyneCMJiGqrADCSNk8sQ==",
      "dev": true,
      "requires": {
        "is-number": "^7.0.0"
      }
    },
    "tooltip.js": {
      "version": "1.3.3",
      "resolved": "https://registry.npmjs.org/tooltip.js/-/tooltip.js-1.3.3.tgz",
      "integrity": "sha512-XWWuy/dBdF/F/YpRE955yqBZ4VdLfiTAUdOqoU+wJm6phJlMpEzl/iYHZ+qJswbeT9VG822bNfsETF9wzmoy5A==",
      "requires": {
        "popper.js": "^1.0.2"
      }
    },
    "typescript": {
      "version": "3.9.3",
      "resolved": "https://registry.npmjs.org/typescript/-/typescript-3.9.3.tgz",
      "integrity": "sha512-D/wqnB2xzNFIcoBG9FG8cXRDjiqSTbG2wd8DMZeQyJlP1vfTkIxH4GKveWaEBYySKIg+USu+E+EDIR47SqnaMQ==",
      "dev": true
    },
    "typo-js": {
      "version": "1.1.0",
      "resolved": "https://registry.npmjs.org/typo-js/-/typo-js-1.1.0.tgz",
      "integrity": "sha512-W3kLbx+ML9PBl5Bzso/lTvVxk4BCveSNAtQeht59FEtxCdGThmn6wSHA4Xq3eQYAK24NHdisMM4JmsK0GFy/pg=="
    }
  }
}
